
Microsoft Visual Studio Solution File, Format Version 12.00
# Visual Studio Version 17
VisualStudioVersion = 17.9.34728.123
MinimumVisualStudioVersion = 10.0.40219.1
Project("{888888A0-9F3D-457C-B088-3A5042F75D52}") = "Volve_app_gmp", "Volve_app_gmp\Volve_app_gmp.pyproj", "{D9B92C00-3290-4F25-AF8E-BA53192DEE25}"
EndProject
Global
	GlobalSection(SolutionConfigurationPlatforms) = preSolution
		Debug|Any CPU = Debug|Any CPU
		Release|Any CPU = Release|Any CPU
	EndGlobalSection
	GlobalSection(ProjectConfigurationPlatforms) = postSolution
		{D9B92C00-3290-4F25-AF8E-BA53192DEE25}.Debug|Any CPU.ActiveCfg = Debug|Any CPU
		{D9B92C00-3290-4F25-AF8E-BA53192DEE25}.Release|Any CPU.ActiveCfg = Release|Any CPU
	EndGlobalSection
	GlobalSection(SolutionProperties) = preSolution
		HideSolutionNode = FALSE
	EndGlobalSection
	GlobalSection(ExtensibilityGlobals) = postSolution
		SolutionGuid = {21E4E95B-80A1-47A9-8DDE-C1A14E6E04DD}
	EndGlobalSection
EndGlobal
